{
  "name": "ai-web-agency",
  "version": "2.0.0",
  "lockfileVersion": 3,
  "requires": true,
  "packages": {
    "": {
      "name": "ai-web-agency",
      "version": "2.0.0",
      "dependencies": {
        "imapflow": "^1.4.3",
        "nodemailer": "^6.9.0",
        "sharp": "^0.35.2"
      }
    },
    "node_modules/@emnapi/runtime": {
      "version": "1.11.1",
      "resolved": "https://registry.npmjs.org/@emnapi/runtime/-/runtime-1.11.1.tgz",
      "integrity": "sha512-vgj7R3y3Wgx24IQaGPA/R6YFXLHVMOZ0uVEyIQPaWs+rd1AzfEMXlAC22FYwO1XkKR6NPsq7mUandH8oIRdZFw==",
      "license": "MIT",
      "optional": true,
      "dependencies": {
        "tslib": "^2.4.0"
      }
    },
    "node_modules/@img/colour": {
      "version": "1.1.0",
      "resolved": "https://registry.npmjs.org/@img/colour/-/colour-1.1.0.tgz",
      "integrity": "sha512-Td76q7j57o/tLVdgS746cYARfSyxk8iEfRxewL9h4OMzYhbW4TAcppl0mT4eyqXddh6L/jwoM75mo7ixa/pCeQ==",
      "license": "MIT",
      "engines": {
        "node": ">=18"
      }
    },
    "node_modules/@img/sharp-darwin-arm64": {
      "version": "0.35.2",
      "resolved": "https://registry.npmjs.org/@img/sharp-darwin-arm64/-/sharp-darwin-arm64-0.35.2.tgz",
      "integrity": "sha512-eEieHsMksAW4IiO5NzauESRl2D2qz3J/kwUxUrSfV06A93eEaRfMpHXyUb1mAqrR7i8U9A0GRqE9pjn6u1Jjpg==",
      "cpu": [
        "arm64"
      ],
      "license": "Apache-2.0",
      "optional": true,
      "os": [
        "darwin"
      ],
      "engines": {
        "node": ">=20.9.0"
      },
      "funding": {
        "url": "https://opencollective.com/libvips"
      },
      "optionalDependencies": {
        "@img/sharp-libvips-darwin-arm64": "1.3.1"
      }
    },
    "node_modules/@img/sharp-darwin-x64": {
      "version": "0.35.2",
      "resolved": "https://registry.npmjs.org/@img/sharp-darwin-x64/-/sharp-darwin-x64-0.35.2.tgz",
      "integrity": "sha512-BaktuGPCeHJMARpodR8jK4uKiZrPAy9WrfQW0sdI37clracq8Bp01AYS3SZgi5FS/y5twa9t4+LIuuxQjqRrWw==",
      "cpu": [
        "x64"
      ],
      "license": "Apache-2.0",
      "optional": true,
      "os": [
        "darwin"
      ],
      "engines": {
        "node": ">=20.9.0"
      },
      "funding": {
        "url": "https://opencollective.com/libvips"
      },
      "optionalDependencies": {
        "@img/sharp-libvips-darwin-x64": "1.3.1"
      }
    },
    "node_modules/@img/sharp-freebsd-wasm32": {
      "version": "0.35.2",
      "resolved": "https://registry.npmjs.org/@img/sharp-freebsd-wasm32/-/sharp-freebsd-wasm32-0.35.2.tgz",
      "integrity": "sha512-YoAxdnd8hPUkvLHd3bWY+YA8nw3xM/RyRopYucNsWHVSan8NLVM3X2volsfoRDcXdUJPg6tXahSd7HXPK7lRnw==",
      "license": "Apache-2.0",
      "optional": true,
      "os": [
        "freebsd"
      ],
      "dependencies": {
        "@img/sharp-wasm32": "0.35.2"
      },
      "engines": {
        "node": ">=20.9.0"
      },
      "funding": {
        "url": "https://opencollective.com/libvips"
      }
    },
    "node_modules/@img/sharp-libvips-darwin-arm64": {
      "version": "1.3.1",
      "resolved": "https://registry.npmjs.org/@img/sharp-libvips-darwin-arm64/-/sharp-libvips-darwin-arm64-1.3.1.tgz",
      "integrity": "sha512-4V/M3roRMTYjiwZY9IOVQOE8OyeCxFAkYmyZDrZl51uOKjibm3oeEJ4WAmLxutAfzFbC9jqUiPs2gbnGflH+7g==",
      "cpu": [
        "arm64"
      ],
      "license": "LGPL-3.0-or-later",
      "optional": true,
      "os": [
        "darwin"
      ],
      "funding": {
        "url": "https://opencollective.com/libvips"
      }
    },
    "node_modules/@img/sharp-libvips-darwin-x64": {
      "version": "1.3.1",
      "resolved": "https://registry.npmjs.org/@img/sharp-libvips-darwin-x64/-/sharp-libvips-darwin-x64-1.3.1.tgz",
      "integrity": "sha512-c0/DxItpJv2+dGhgycJBBgotdqruGYDvA79drdh0MD1dFpy7JzJ/PlXwi1H4rFf0eTy8tgbI91aHDnZIceY3jQ==",
      "cpu": [
        "x64"
      ],
      "license": "LGPL-3.0-or-later",
      "optional": true,
      "os": [
        "darwin"
      ],
      "funding": {
        "url": "https://opencollective.com/libvips"
      }
    },
    "node_modules/@img/sharp-libvips-linux-arm": {
      "version": "1.3.1",
      "resolved": "https://registry.npmjs.org/@img/sharp-libvips-linux-arm/-/sharp-libvips-linux-arm-1.3.1.tgz",
      "integrity": "sha512-aGGy9aWzXgHBG7HNyQPWorZthlp7+x6fDRoPAQbGO3ThcttuTyKIx3NuSHb6zb4gBNq6/yNn9f1cy9nFKS/Vmg==",
      "cpu": [
        "arm"
      ],
      "license": "LGPL-3.0-or-later",
      "optional": true,
      "os": [
        "linux"
      ],
      "funding": {
        "url": "https://opencollective.com/libvips"
      }
    },
    "node_modules/@img/sharp-libvips-linux-arm64": {
      "version": "1.3.1",
      "resolved": "https://registry.npmjs.org/@img/sharp-libvips-linux-arm64/-/sharp-libvips-linux-arm64-1.3.1.tgz",
      "integrity": "sha512-JznefmcK9j1JKPz8AkQDh89kjojubyfOasWBPKfzMIhPwsgDy9evpE/naJTXXXmghS1iFwR8u/kTwh/I2/+GCw==",
      "cpu": [
        "arm64"
      ],
      "license": "LGPL-3.0-or-later",
      "optional": true,
      "os": [
        "linux"
      ],
      "funding": {
        "url": "https://opencollective.com/libvips"
      }
    },
    "node_modules/@img/sharp-libvips-linux-ppc64": {
      "version": "1.3.1",
      "resolved": "https://registry.npmjs.org/@img/sharp-libvips-linux-ppc64/-/sharp-libvips-linux-ppc64-1.3.1.tgz",
      "integrity": "sha512-1EkwGNCZk6iWNCMWqrvdJ+r1j0PT1zIz60CNPhYnJlK/zyeWqlsPZIe+ocBVqPF8k/Ssee/NCk+tE9Ryrko6ng==",
      "cpu": [
        "ppc64"
      ],
      "license": "LGPL-3.0-or-later",
      "optional": true,
      "os": [
        "linux"
      ],
      "funding": {
        "url": "https://opencollective.com/libvips"
      }
    },
    "node_modules/@img/sharp-libvips-linux-riscv64": {
      "version": "1.3.1",
      "resolved": "https://registry.npmjs.org/@img/sharp-libvips-linux-riscv64/-/sharp-libvips-linux-riscv64-1.3.1.tgz",
      "integrity": "sha512-Ilays+w2bXdnxzxtQdmXR62u8o8GYa3eL4+Gr+1KiE4xperMZUslRaVPJwwPkzlHEjGfXAfRVAa/7CYCtSqsBw==",
      "cpu": [
        "riscv64"
      ],
      "license": "LGPL-3.0-or-later",
      "optional": true,
      "os": [
        "linux"
      ],
      "funding": {
        "url": "https://opencollective.com/libvips"
      }
    },
    "node_modules/@img/sharp-libvips-linux-s390x": {
      "version": "1.3.1",
      "resolved": "https://registry.npmjs.org/@img/sharp-libvips-linux-s390x/-/sharp-libvips-linux-s390x-1.3.1.tgz",
      "integrity": "sha512-VfBwVHQTbRoj4XlpA/KLZ7ltgMpz+4WSejFzQ+GnoImjo1PtEJ59QB2qR1xQEeRPYIkNrPIm2L4cICMvz4C2ew==",
      "cpu": [
        "s390x"
      ],
      "license": "LGPL-3.0-or-later",
      "optional": true,
      "os": [
        "linux"
      ],
      "funding": {
        "url": "https://opencollective.com/libvips"
      }
    },
    "node_modules/@img/sharp-libvips-linux-x64": {
      "version": "1.3.1",
      "resolved": "https://registry.npmjs.org/@img/sharp-libvips-linux-x64/-/sharp-libvips-linux-x64-1.3.1.tgz",
      "integrity": "sha512-+c8ukgwU62DS54nCAjw7keOfHUkmr0B5QHEdcOqRnodF/MNXJbVI8Eopoj4B/0H8Asr65I+A4Amrn7a85/md6A==",
      "cpu": [
        "x64"
      ],
      "license": "LGPL-3.0-or-later",
      "optional": true,
      "os": [
        "linux"
      ],
      "funding": {
        "url": "https://opencollective.com/libvips"
      }
    },
    "node_modules/@img/sharp-libvips-linuxmusl-arm64": {
      "version": "1.3.1",
      "resolved": "https://registry.npmjs.org/@img/sharp-libvips-linuxmusl-arm64/-/sharp-libvips-linuxmusl-arm64-1.3.1.tgz",
      "integrity": "sha512-qlKb/pwbkAi1WMsJrYHk7CuDrd12s27U2QnRhFYUoJNrRCmkosMTttuRFat/DDB3IlDm5qE1TJgZ4JDnHX8Ldw==",
      "cpu": [
        "arm64"
      ],
      "license": "LGPL-3.0-or-later",
      "optional": true,
      "os": [
        "linux"
      ],
      "funding": {
        "url": "https://opencollective.com/libvips"
      }
    },
    "node_modules/@img/sharp-libvips-linuxmusl-x64": {
      "version": "1.3.1",
      "resolved": "https://registry.npmjs.org/@img/sharp-libvips-linuxmusl-x64/-/sharp-libvips-linuxmusl-x64-1.3.1.tgz",
      "integrity": "sha512-yO21HwoUVLN8Qa+/SBjQLMYwBWAVJjeGPNe+hc0OUeMeifEtJqu5a1c4HayE1nNpDih9y3/KkoltfkDodmKAlg==",
      "cpu": [
        "x64"
      ],
      "license": "LGPL-3.0-or-later",
      "optional": true,
      "os": [
        "linux"
      ],
      "funding": {
        "url": "https://opencollective.com/libvips"
      }
    },
    "node_modules/@img/sharp-linux-arm": {
      "version": "0.35.2",
      "resolved": "https://registry.npmjs.org/@img/sharp-linux-arm/-/sharp-linux-arm-0.35.2.tgz",
      "integrity": "sha512-SE4kzF2mepn6z+6E7L6lsV8FzuLL6IPQdyX8ZiwROAG/G8td+hP/m7FsFPwidtrF19gvajuC9l6TxAVcsA4S7A==",
      "cpu": [
        "arm"
      ],
      "license": "Apache-2.0",
      "optional": true,
      "os": [
        "linux"
      ],
      "engines": {
        "node": ">=20.9.0"
      },
      "funding": {
        "url": "https://opencollective.com/libvips"
      },
      "optionalDependencies": {
        "@img/sharp-libvips-linux-arm": "1.3.1"
      }
    },
    "node_modules/@img/sharp-linux-arm64": {
      "version": "0.35.2",
      "resolved": "https://registry.npmjs.org/@img/sharp-linux-arm64/-/sharp-linux-arm64-0.35.2.tgz",
      "integrity": "sha512-af12Pnd0ZGu2HfP8NayB0kk6eC/lrfbQE6HlR4jD+34wdJ1Vw9TF6TMn6ZvffT+WgqVsl0hRbmNvz2u/23VmwA==",
      "cpu": [
        "arm64"
      ],
      "license": "Apache-2.0",
      "optional": true,
      "os": [
        "linux"
      ],
      "engines": {
        "node": ">=20.9.0"
      },
      "funding": {
        "url": "https://opencollective.com/libvips"
      },
      "optionalDependencies": {
        "@img/sharp-libvips-linux-arm64": "1.3.1"
      }
    },
    "node_modules/@img/sharp-linux-ppc64": {
      "version": "0.35.2",
      "resolved": "https://registry.npmjs.org/@img/sharp-linux-ppc64/-/sharp-linux-ppc64-0.35.2.tgz",
      "integrity": "sha512-hYSBm7zcNtDCozCxQHYZJiu63b/bXsgRZuOxCIBZsStMM9Vap47iFHdbX4kCvQsblPB/k+clhELpdQJHQLSHvg==",
      "cpu": [
        "ppc64"
      ],
      "license": "Apache-2.0",
      "optional": true,
      "os": [
        "linux"
      ],
      "engines": {
        "node": ">=20.9.0"
      },
      "funding": {
        "url": "https://opencollective.com/libvips"
      },
      "optionalDependencies": {
        "@img/sharp-libvips-linux-ppc64": "1.3.1"
      }
    },
    "node_modules/@img/sharp-linux-riscv64": {
      "version": "0.35.2",
      "resolved": "https://registry.npmjs.org/@img/sharp-linux-riscv64/-/sharp-linux-riscv64-0.35.2.tgz",
      "integrity": "sha512-qQt0Kc13+Hoan/Awq/qMSQw3L+RI1NCRPgD5cUJ/1WSSmIoysLOc72jlRM3E0OHN9Yr313jgeQ2T+zW+F03QFA==",
      "cpu": [
        "riscv64"
      ],
      "license": "Apache-2.0",
      "optional": true,
      "os": [
        "linux"
      ],
      "engines": {
        "node": ">=20.9.0"
      },
      "funding": {
        "url": "https://opencollective.com/libvips"
      },
      "optionalDependencies": {
        "@img/sharp-libvips-linux-riscv64": "1.3.1"
      }
    },
    "node_modules/@img/sharp-linux-s390x": {
      "version": "0.35.2",
      "resolved": "https://registry.npmjs.org/@img/sharp-linux-s390x/-/sharp-linux-s390x-0.35.2.tgz",
      "integrity": "sha512-E4fLLfRPzDLlEeDaTzI98OFLcv++WL5ChLLMwPoVd0CIoZQqupBSNbOisPL5am9XsbQ9T84+iiMpUvbFtkunbA==",
      "cpu": [
        "s390x"
      ],
      "license": "Apache-2.0",
      "optional": true,
      "os": [
        "linux"
      ],
      "engines": {
        "node": ">=20.9.0"
      },
      "funding": {
        "url": "https://opencollective.com/libvips"
      },
      "optionalDependencies": {
        "@img/sharp-libvips-linux-s390x": "1.3.1"
      }
    },
    "node_modules/@img/sharp-linux-x64": {
      "version": "0.35.2",
      "resolved": "https://registry.npmjs.org/@img/sharp-linux-x64/-/sharp-linux-x64-0.35.2.tgz",
      "integrity": "sha512-gi0zFJJRLswfCZmHtJdikXPOc5u7qamSOS3NHedLqLd4W8Q0NqjdBr6TTRIgsfFjqfTsHFgdfvJ9LwqSgcHiAA==",
      "cpu": [
        "x64"
      ],
      "license": "Apache-2.0",
      "optional": true,
      "os": [
        "linux"
      ],
      "engines": {
        "node": ">=20.9.0"
      },
      "funding": {
        "url": "https://opencollective.com/libvips"
      },
      "optionalDependencies": {
        "@img/sharp-libvips-linux-x64": "1.3.1"
      }
    },
    "node_modules/@img/sharp-linuxmusl-arm64": {
      "version": "0.35.2",
      "resolved": "https://registry.npmjs.org/@img/sharp-linuxmusl-arm64/-/sharp-linuxmusl-arm64-0.35.2.tgz",
      "integrity": "sha512-siWbOW1u6HFnFLrp0waKyW7VEf7jYvcDWdrXEFa8AkdAQgEvuu5Fz8/Y70w9EeqAdwDtfU012BhEHHaDqvQNzg==",
      "cpu": [
        "arm64"
      ],
      "license": "Apache-2.0",
      "optional": true,
      "os": [
        "linux"
      ],
      "engines": {
        "node": ">=20.9.0"
      },
      "funding": {
        "url": "https://opencollective.com/libvips"
      },
      "optionalDependencies": {
        "@img/sharp-libvips-linuxmusl-arm64": "1.3.1"
      }
    },
    "node_modules/@img/sharp-linuxmusl-x64": {
      "version": "0.35.2",
      "resolved": "https://registry.npmjs.org/@img/sharp-linuxmusl-x64/-/sharp-linuxmusl-x64-0.35.2.tgz",
      "integrity": "sha512-YBqMMcjDi4QGYiSn4vNOYBhmlC4z5AXqkOUUqI2e0AFA4urNv4ESgOgwNl3K+4etQhha0twXlzeF20bbULm9Yg==",
      "cpu": [
        "x64"
      ],
      "license": "Apache-2.0",
      "optional": true,
      "os": [
        "linux"
      ],
      "engines": {
        "node": ">=20.9.0"
      },
      "funding": {
        "url": "https://opencollective.com/libvips"
      },
      "optionalDependencies": {
        "@img/sharp-libvips-linuxmusl-x64": "1.3.1"
      }
    },
    "node_modules/@img/sharp-wasm32": {
      "version": "0.35.2",
      "resolved": "https://registry.npmjs.org/@img/sharp-wasm32/-/sharp-wasm32-0.35.2.tgz",
      "integrity": "sha512-Mrv4JQNYVQ94xH+jzZ9r+gowleN8mv2FTgKT+PI6bx5C0G8TdNYndu161pg2i7uoBwxy2ImPMHrJOM2LZef7Bw==",
      "license": "Apache-2.0 AND LGPL-3.0-or-later AND MIT",
      "optional": true,
      "dependencies": {
        "@emnapi/runtime": "^1.11.1"
      },
      "engines": {
        "node": ">=20.9.0"
      },
      "funding": {
        "url": "https://opencollective.com/libvips"
      }
    },
    "node_modules/@img/sharp-webcontainers-wasm32": {
      "version": "0.35.2",
      "resolved": "https://registry.npmjs.org/@img/sharp-webcontainers-wasm32/-/sharp-webcontainers-wasm32-0.35.2.tgz",
      "integrity": "sha512-QNV27pxs9wpApEiCfvHM1RDoP1w1+2KrUWWDPEhEwg+latvOrfuhWrHWZKwdSFwU6jh3myjw/yOCRsUIuOft3g==",
      "cpu": [
        "wasm32"
      ],
      "license": "Apache-2.0",
      "optional": true,
      "dependencies": {
        "@img/sharp-wasm32": "0.35.2"
      },
      "engines": {
        "node": ">=20.9.0"
      },
      "funding": {
        "url": "https://opencollective.com/libvips"
      }
    },
    "node_modules/@img/sharp-win32-arm64": {
      "version": "0.35.2",
      "resolved": "https://registry.npmjs.org/@img/sharp-win32-arm64/-/sharp-win32-arm64-0.35.2.tgz",
      "integrity": "sha512-BiVRYc/t6/Vl3e1hBx0hugG4oN9Pydf4fgMSpxTQJmwGUg/YoXTWHiFeRymHfCZzifxu4F4rpk/I67D0LQ20wQ==",
      "cpu": [
        "arm64"
      ],
      "license": "Apache-2.0 AND LGPL-3.0-or-later",
      "optional": true,
      "os": [
        "win32"
      ],
      "engines": {
        "node": ">=20.9.0"
      },
      "funding": {
        "url": "https://opencollective.com/libvips"
      }
    },
    "node_modules/@img/sharp-win32-ia32": {
      "version": "0.35.2",
      "resolved": "https://registry.npmjs.org/@img/sharp-win32-ia32/-/sharp-win32-ia32-0.35.2.tgz",
      "integrity": "sha512-YYEhx9PImCC7T0tI8JDMi4DB9LwLCXCU5OWNYEXAxh5Q1ShKkyC6byxzoBJ3gEFDnH2lQckWuDe70G7mB2XJog==",
      "cpu": [
        "ia32"
      ],
      "license": "Apache-2.0 AND LGPL-3.0-or-later",
      "optional": true,
      "os": [
        "win32"
      ],
      "engines": {
        "node": "^20.9.0"
      },
      "funding": {
        "url": "https://opencollective.com/libvips"
      }
    },
    "node_modules/@img/sharp-win32-x64": {
      "version": "0.35.2",
      "resolved": "https://registry.npmjs.org/@img/sharp-win32-x64/-/sharp-win32-x64-0.35.2.tgz",
      "integrity": "sha512-imoOyBcoM/iiUr4J6VPpCNjPnjvP/Gks95898yB8YqoGGYmHYbOyCuNv9FMhFgtaiHFGbHW8bxKqRV6VjtXThQ==",
      "cpu": [
        "x64"
      ],
      "license": "Apache-2.0 AND LGPL-3.0-or-later",
      "optional": true,
      "os": [
        "win32"
      ],
      "engines": {
        "node": ">=20.9.0"
      },
      "funding": {
        "url": "https://opencollective.com/libvips"
      }
    },
    "node_modules/@pinojs/redact": {
      "version": "0.4.0",
      "resolved": "https://registry.npmjs.org/@pinojs/redact/-/redact-0.4.0.tgz",
      "integrity": "sha512-k2ENnmBugE/rzQfEcdWHcCY+/FM3VLzH9cYEsbdsoqrvzAKRhUZeRNhAZvB8OitQJ1TBed3yqWtdjzS6wJKBwg==",
      "license": "MIT"
    },
    "node_modules/@zone-eu/mailsplit": {
      "version": "5.4.13",
      "resolved": "https://registry.npmjs.org/@zone-eu/mailsplit/-/mailsplit-5.4.13.tgz",
      "integrity": "sha512-j40NeNlSAivqnKEjzZYsGP/bKWr2zwuyb8XOYsC3i0ZlfM5UnTYTa7aCRkE8rYQvVzE1dRjVYdvZ1Epi6x+h6w==",
      "license": "(MIT OR EUPL-1.1+)",
      "dependencies": {
        "libbase64": "1.3.0",
        "libmime": "5.4.0",
        "libqp": "2.1.1"
      }
    },
    "node_modules/atomic-sleep": {
      "version": "1.0.0",
      "resolved": "https://registry.npmjs.org/atomic-sleep/-/atomic-sleep-1.0.0.tgz",
      "integrity": "sha512-kNOjDqAh7px0XWNI+4QbzoiR/nTkHAWNud2uvnJquD1/x5a7EQZMJT0AczqK0Qn67oY/TTQ1LbUKajZpp3I9tQ==",
      "license": "MIT",
      "engines": {
        "node": ">=8.0.0"
      }
    },
    "node_modules/detect-libc": {
      "version": "2.1.2",
      "resolved": "https://registry.npmjs.org/detect-libc/-/detect-libc-2.1.2.tgz",
      "integrity": "sha512-Btj2BOOO83o3WyH59e8MgXsxEQVcarkUOpEYrubB0urwnN10yQ364rsiByU11nZlqWYZm05i/of7io4mzihBtQ==",
      "license": "Apache-2.0",
      "engines": {
        "node": ">=8"
      }
    },
    "node_modules/encoding-japanese": {
      "version": "2.2.0",
      "resolved": "https://registry.npmjs.org/encoding-japanese/-/encoding-japanese-2.2.0.tgz",
      "integrity": "sha512-EuJWwlHPZ1LbADuKTClvHtwbaFn4rOD+dRAbWysqEOXRc2Uui0hJInNJrsdH0c+OhJA4nrCBdSkW4DD5YxAo6A==",
      "license": "MIT",
      "engines": {
        "node": ">=8.10.0"
      }
    },
    "node_modules/iconv-lite": {
      "version": "0.7.2",
      "resolved": "https://registry.npmjs.org/iconv-lite/-/iconv-lite-0.7.2.tgz",
      "integrity": "sha512-im9DjEDQ55s9fL4EYzOAv0yMqmMBSZp6G0VvFyTMPKWxiSBHUj9NW/qqLmXUwXrrM7AvqSlTCfvqRb0cM8yYqw==",
      "license": "MIT",
      "dependencies": {
        "safer-buffer": ">= 2.1.2 < 3.0.0"
      },
      "engines": {
        "node": ">=0.10.0"
      },
      "funding": {
        "type": "opencollective",
        "url": "https://opencollective.com/express"
      }
    },
    "node_modules/imapflow": {
      "version": "1.4.3",
      "resolved": "https://registry.npmjs.org/imapflow/-/imapflow-1.4.3.tgz",
      "integrity": "sha512-UNimp06TINpFLx7g5nXh/8+oykfaHy6zgvLuQseLifGrQUSqDexuSKrksM+uA9mQw1cYJTOVrFPRTHkK+W/tpw==",
      "license": "MIT",
      "dependencies": {
        "@zone-eu/mailsplit": "5.4.13",
        "encoding-japanese": "2.2.0",
        "iconv-lite": "0.7.2",
        "libbase64": "1.3.0",
        "libmime": "5.4.0",
        "libqp": "2.1.1",
        "nodemailer": "9.0.1",
        "pino": "10.3.1",
        "socks": "2.8.9"
      }
    },
    "node_modules/imapflow/node_modules/nodemailer": {
      "version": "9.0.1",
      "resolved": "https://registry.npmjs.org/nodemailer/-/nodemailer-9.0.1.tgz",
      "integrity": "sha512-Gwv8SQewT616ZM/URn0H54b8PWo/Wum7md3EW2aWy1lO27+WZCX+Xyak3J+NlmHUjDh5ME+uesJUDRbR3Ye8Bw==",
      "license": "MIT-0",
      "engines": {
        "node": ">=6.0.0"
      }
    },
    "node_modules/ip-address": {
      "version": "10.2.0",
      "resolved": "https://registry.npmjs.org/ip-address/-/ip-address-10.2.0.tgz",
      "integrity": "sha512-/+S6j4E9AHvW9SWMSEY9Xfy66O5PWvVEJ08O0y5JGyEKQpojb0K0GKpz/v5HJ/G0vi3D2sjGK78119oXZeE0qA==",
      "license": "MIT",
      "engines": {
        "node": ">= 12"
      }
    },
    "node_modules/libbase64": {
      "version": "1.3.0",
      "resolved": "https://registry.npmjs.org/libbase64/-/libbase64-1.3.0.tgz",
      "integrity": "sha512-GgOXd0Eo6phYgh0DJtjQ2tO8dc0IVINtZJeARPeiIJqge+HdsWSuaDTe8ztQ7j/cONByDZ3zeB325AHiv5O0dg==",
      "license": "MIT"
    },
    "node_modules/libmime": {
      "version": "5.4.0",
      "resolved": "https://registry.npmjs.org/libmime/-/libmime-5.4.0.tgz",
      "integrity": "sha512-MAWyU2qYtCsrZ6GClgukz2jx73NQrzA6ASo9qzThuTG+A7+H3lWQuBsjoy9lls+v6q/epAeBdEMJ3T0f4b+uRw==",
      "license": "MIT",
      "dependencies": {
        "encoding-japanese": "2.2.0",
        "iconv-lite": "0.7.2",
        "libbase64": "1.3.0",
        "libqp": "2.1.1"
      }
    },
    "node_modules/libqp": {
      "version": "2.1.1",
      "resolved": "https://registry.npmjs.org/libqp/-/libqp-2.1.1.tgz",
      "integrity": "sha512-0Wd+GPz1O134cP62YU2GTOPNA7Qgl09XwCqM5zpBv87ERCXdfDtyKXvV7c9U22yWJh44QZqBocFnXN11K96qow==",
      "license": "MIT"
    },
    "node_modules/nodemailer": {
      "version": "6.10.1",
      "resolved": "https://registry.npmjs.org/nodemailer/-/nodemailer-6.10.1.tgz",
      "integrity": "sha512-Z+iLaBGVaSjbIzQ4pX6XV41HrooLsQ10ZWPUehGmuantvzWoDVBnmsdUcOIDM1t+yPor5pDhVlDESgOMEGxhHA==",
      "license": "MIT-0",
      "engines": {
        "node": ">=6.0.0"
      }
    },
    "node_modules/on-exit-leak-free": {
      "version": "2.1.2",
      "resolved": "https://registry.npmjs.org/on-exit-leak-free/-/on-exit-leak-free-2.1.2.tgz",
      "integrity": "sha512-0eJJY6hXLGf1udHwfNftBqH+g73EU4B504nZeKpz1sYRKafAghwxEJunB2O7rDZkL4PGfsMVnTXZ2EjibbqcsA==",
      "license": "MIT",
      "engines": {
        "node": ">=14.0.0"
      }
    },
    "node_modules/pino": {
      "version": "10.3.1",
      "resolved": "https://registry.npmjs.org/pino/-/pino-10.3.1.tgz",
      "integrity": "sha512-r34yH/GlQpKZbU1BvFFqOjhISRo1MNx1tWYsYvmj6KIRHSPMT2+yHOEb1SG6NMvRoHRF0a07kCOox/9yakl1vg==",
      "license": "MIT",
      "dependencies": {
        "@pinojs/redact": "^0.4.0",
        "atomic-sleep": "^1.0.0",
        "on-exit-leak-free": "^2.1.0",
        "pino-abstract-transport": "^3.0.0",
        "pino-std-serializers": "^7.0.0",
        "process-warning": "^5.0.0",
        "quick-format-unescaped": "^4.0.3",
        "real-require": "^0.2.0",
        "safe-stable-stringify": "^2.3.1",
        "sonic-boom": "^4.0.1",
        "thread-stream": "^4.0.0"
      },
      "bin": {
        "pino": "bin.js"
      }
    },
    "node_modules/pino-abstract-transport": {
      "version": "3.0.0",
      "resolved": "https://registry.npmjs.org/pino-abstract-transport/-/pino-abstract-transport-3.0.0.tgz",
      "integrity": "sha512-wlfUczU+n7Hy/Ha5j9a/gZNy7We5+cXp8YL+X+PG8S0KXxw7n/JXA3c46Y0zQznIJ83URJiwy7Lh56WLokNuxg==",
      "license": "MIT",
      "dependencies": {
        "split2": "^4.0.0"
      }
    },
    "node_modules/pino-std-serializers": {
      "version": "7.1.0",
      "resolved": "https://registry.npmjs.org/pino-std-serializers/-/pino-std-serializers-7.1.0.tgz",
      "integrity": "sha512-BndPH67/JxGExRgiX1dX0w1FvZck5Wa4aal9198SrRhZjH3GxKQUKIBnYJTdj2HDN3UQAS06HlfcSbQj2OHmaw==",
      "license": "MIT"
    },
    "node_modules/process-warning": {
      "version": "5.0.0",
      "resolved": "https://registry.npmjs.org/process-warning/-/process-warning-5.0.0.tgz",
      "integrity": "sha512-a39t9ApHNx2L4+HBnQKqxxHNs1r7KF+Intd8Q/g1bUh6q0WIp9voPXJ/x0j+ZL45KF1pJd9+q2jLIRMfvEshkA==",
      "funding": [
        {
          "type": "github",
          "url": "https://github.com/sponsors/fastify"
        },
        {
          "type": "opencollective",
          "url": "https://opencollective.com/fastify"
        }
      ],
      "license": "MIT"
    },
    "node_modules/quick-format-unescaped": {
      "version": "4.0.4",
      "resolved": "https://registry.npmjs.org/quick-format-unescaped/-/quick-format-unescaped-4.0.4.tgz",
      "integrity": "sha512-tYC1Q1hgyRuHgloV/YXs2w15unPVh8qfu/qCTfhTYamaw7fyhumKa2yGpdSo87vY32rIclj+4fWYQXUMs9EHvg==",
      "license": "MIT"
    },
    "node_modules/real-require": {
      "version": "0.2.0",
      "resolved": "https://registry.npmjs.org/real-require/-/real-require-0.2.0.tgz",
      "integrity": "sha512-57frrGM/OCTLqLOAh0mhVA9VBMHd+9U7Zb2THMGdBUoZVOtGbJzjxsYGDJ3A9AYYCP4hn6y1TVbaOfzWtm5GFg==",
      "license": "MIT",
      "engines": {
        "node": ">= 12.13.0"
      }
    },
    "node_modules/safe-stable-stringify": {
      "version": "2.5.0",
      "resolved": "https://registry.npmjs.org/safe-stable-stringify/-/safe-stable-stringify-2.5.0.tgz",
      "integrity": "sha512-b3rppTKm9T+PsVCBEOUR46GWI7fdOs00VKZ1+9c1EWDaDMvjQc6tUwuFyIprgGgTcWoVHSKrU8H31ZHA2e0RHA==",
      "license": "MIT",
      "engines": {
        "node": ">=10"
      }
    },
    "node_modules/safer-buffer": {
      "version": "2.1.2",
      "resolved": "https://registry.npmjs.org/safer-buffer/-/safer-buffer-2.1.2.tgz",
      "integrity": "sha512-YZo3K82SD7Riyi0E1EQPojLz7kpepnSQI9IyPbHHg1XXXevb5dJI7tpyN2ADxGcQbHG7vcyRHk0cbwqcQriUtg==",
      "license": "MIT"
    },
    "node_modules/semver": {
      "version": "7.8.5",
      "resolved": "https://registry.npmjs.org/semver/-/semver-7.8.5.tgz",
      "integrity": "sha512-Y7/KDsb8LjooZpwaqGyulO6DQlksgCncchHGk+sZIY4SBvUocMBEFH5Ur1fI4dV+Jvl0w6cjvucaIi40puRioA==",
      "license": "ISC",
      "bin": {
        "semver": "bin/semver.js"
      },
      "engines": {
        "node": ">=10"
      }
    },
    "node_modules/sharp": {
      "version": "0.35.2",
      "resolved": "https://registry.npmjs.org/sharp/-/sharp-0.35.2.tgz",
      "integrity": "sha512-FVtFjtBCMiJS6yb5CX7Sop45WFMpeGw6oRKuJnXYgf/f1ms/D7LE/ZUSNxnW7rZ/dbslQWYkoqFHGPaDBtaK4w==",
      "license": "Apache-2.0",
      "dependencies": {
        "@img/colour": "^1.1.0",
        "detect-libc": "^2.1.2",
        "semver": "^7.8.4"
      },
      "engines": {
        "node": ">=20.9.0"
      },
      "funding": {
        "url": "https://opencollective.com/libvips"
      },
      "optionalDependencies": {
        "@img/sharp-darwin-arm64": "0.35.2",
        "@img/sharp-darwin-x64": "0.35.2",
        "@img/sharp-freebsd-wasm32": "0.35.2",
        "@img/sharp-libvips-darwin-arm64": "1.3.1",
        "@img/sharp-libvips-darwin-x64": "1.3.1",
        "@img/sharp-libvips-linux-arm": "1.3.1",
        "@img/sharp-libvips-linux-arm64": "1.3.1",
        "@img/sharp-libvips-linux-ppc64": "1.3.1",
        "@img/sharp-libvips-linux-riscv64": "1.3.1",
        "@img/sharp-libvips-linux-s390x": "1.3.1",
        "@img/sharp-libvips-linux-x64": "1.3.1",
        "@img/sharp-libvips-linuxmusl-arm64": "1.3.1",
        "@img/sharp-libvips-linuxmusl-x64": "1.3.1",
        "@img/sharp-linux-arm": "0.35.2",
        "@img/sharp-linux-arm64": "0.35.2",
        "@img/sharp-linux-ppc64": "0.35.2",
        "@img/sharp-linux-riscv64": "0.35.2",
        "@img/sharp-linux-s390x": "0.35.2",
        "@img/sharp-linux-x64": "0.35.2",
        "@img/sharp-linuxmusl-arm64": "0.35.2",
        "@img/sharp-linuxmusl-x64": "0.35.2",
        "@img/sharp-webcontainers-wasm32": "0.35.2",
        "@img/sharp-win32-arm64": "0.35.2",
        "@img/sharp-win32-ia32": "0.35.2",
        "@img/sharp-win32-x64": "0.35.2"
      }
    },
    "node_modules/smart-buffer": {
      "version": "4.2.0",
      "resolved": "https://registry.npmjs.org/smart-buffer/-/smart-buffer-4.2.0.tgz",
      "integrity": "sha512-94hK0Hh8rPqQl2xXc3HsaBoOXKV20MToPkcXvwbISWLEs+64sBq5kFgn2kJDHb1Pry9yrP0dxrCI9RRci7RXKg==",
      "license": "MIT",
      "engines": {
        "node": ">= 6.0.0",
        "npm": ">= 3.0.0"
      }
    },
    "node_modules/socks": {
      "version": "2.8.9",
      "resolved": "https://registry.npmjs.org/socks/-/socks-2.8.9.tgz",
      "integrity": "sha512-LJhUYUvItdQ0LkJTmPeaEObWXAqFyfmP85x0tch/ez9cahmhlBBLbIqDFnvBnUJGagb0JbIQrkBs1wJ+yRYpEw==",
      "license": "MIT",
      "dependencies": {
        "ip-address": "^10.1.1",
        "smart-buffer": "^4.2.0"
      },
      "engines": {
        "node": ">= 10.0.0",
        "npm": ">= 3.0.0"
      }
    },
    "node_modules/sonic-boom": {
      "version": "4.2.1",
      "resolved": "https://registry.npmjs.org/sonic-boom/-/sonic-boom-4.2.1.tgz",
      "integrity": "sha512-w6AxtubXa2wTXAUsZMMWERrsIRAdrK0Sc+FUytWvYAhBJLyuI4llrMIC1DtlNSdI99EI86KZum2MMq3EAZlF9Q==",
      "license": "MIT",
      "dependencies": {
        "atomic-sleep": "^1.0.0"
      }
    },
    "node_modules/split2": {
      "version": "4.2.0",
      "resolved": "https://registry.npmjs.org/split2/-/split2-4.2.0.tgz",
      "integrity": "sha512-UcjcJOWknrNkF6PLX83qcHM6KHgVKNkV62Y8a5uYDVv9ydGQVwAHMKqHdJje1VTWpljG0WYpCDhrCdAOYH4TWg==",
      "license": "ISC",
      "engines": {
        "node": ">= 10.x"
      }
    },
    "node_modules/thread-stream": {
      "version": "4.2.0",
      "resolved": "https://registry.npmjs.org/thread-stream/-/thread-stream-4.2.0.tgz",
      "integrity": "sha512-e2zZ96wSChazBsbENf/Pcm/4swHt2cEKQ92rhUjkL9GCKiTDJIaTBenjE/m9DXi0QBmTMDkFDdOomUy20A1tDQ==",
      "license": "MIT",
      "dependencies": {
        "real-require": "^1.0.0"
      },
      "engines": {
        "node": ">=20"
      }
    },
    "node_modules/thread-stream/node_modules/real-require": {
      "version": "1.0.0",
      "resolved": "https://registry.npmjs.org/real-require/-/real-require-1.0.0.tgz",
      "integrity": "sha512-P4nbQYQfePJxRSmY+v/KINxVucm4NF3p3s7pJveMTtom52FR4YGltUQLB8idDXwDDWW+eYrWDFbuzUnjoWHF7g==",
      "license": "MIT"
    },
    "node_modules/tslib": {
      "version": "2.8.1",
      "resolved": "https://registry.npmjs.org/tslib/-/tslib-2.8.1.tgz",
      "integrity": "sha512-oJFu94HQb+KVduSUQL7wnpmqnfmLsOA/nAh6b6EH0wCEoK0/mPeXU6c3wKDV83MkOuHPRHtSXKKU99IBazS/2w==",
      "license": "0BSD",
      "optional": true
    }
  }
}
